
Microsoft Visual Studio Solution File, Format Version 12.00
# Visual Studio 15
VisualStudioVersion = 15.0.27130.2020
MinimumVisualStudioVersion = 10.0.40219.1
Project("{FAE04EC0-301F-11D3-BF4B-00C04F79EFBC}") = "ElectricFieldModel", "ElectricFieldModel\ElectricFieldModel.csproj", "{86EAB8FA-3ECC-44C8-BEAB-2D57391E6F0D}"
EndProject
Project("{FAE04EC0-301F-11D3-BF4B-00C04F79EFBC}") = "ElectricFieldModel.Core", "ElectricFieldModel.Core\ElectricFieldModel.Core.csproj", "{2691347E-78B9-45A7-9039-601B525B7E1D}"
EndProject
Global
	GlobalSection(SolutionConfigurationPlatforms) = preSolution
		Debug|Any CPU = Debug|Any CPU
		Release|Any CPU = Release|Any CPU
	EndGlobalSection
	GlobalSection(ProjectConfigurationPlatforms) = postSolution
		{86EAB8FA-3ECC-44C8-BEAB-2D57391E6F0D}.Debug|Any CPU.ActiveCfg = Debug|Any CPU
		{86EAB8FA-3ECC-44C8-BEAB-2D57391E6F0D}.Debug|Any CPU.Build.0 = Debug|Any CPU
		{86EAB8FA-3ECC-44C8-BEAB-2D57391E6F0D}.Release|Any CPU.ActiveCfg = Release|Any CPU
		{86EAB8FA-3ECC-44C8-BEAB-2D57391E6F0D}.Release|Any CPU.Build.0 = Release|Any CPU
		{2691347E-78B9-45A7-9039-601B525B7E1D}.Debug|Any CPU.ActiveCfg = Debug|Any CPU
		{2691347E-78B9-45A7-9039-601B525B7E1D}.Debug|Any CPU.Build.0 = Debug|Any CPU
		{2691347E-78B9-45A7-9039-601B525B7E1D}.Release|Any CPU.ActiveCfg = Release|Any CPU
		{2691347E-78B9-45A7-9039-601B525B7E1D}.Release|Any CPU.Build.0 = Release|Any CPU
	EndGlobalSection
	GlobalSection(SolutionProperties) = preSolution
		HideSolutionNode = FALSE
	EndGlobalSection
	GlobalSection(ExtensibilityGlobals) = postSolution
		SolutionGuid = {D44D653A-D8EA-4ABA-9953-A7A7B8359A69}
	EndGlobalSection
EndGlobal
